// !$*UTF8*$!
{
	archiveVersion = 1;
	classes = {
	};
	objectVersion = 56;
	objects = {

/* Begin PBXBuildFile section */
		720233A52BD60D3E009BF1D3 /* OrganizationView.swift in Sources */ = {isa = PBXBuildFile; fileRef = 720233A42BD60D3E009BF1D3 /* OrganizationView.swift */; };
		7241639B2BD73EF700E6916C /* CustomNavigationBarView.swift in Sources */ = {isa = PBXBuildFile; fileRef = 7241639A2BD73EF700E6916C /* CustomNavigationBarView.swift */; };
		7241639F2BD7416300E6916C /* View + CustomNavigationBarModifier.swift in Sources */ = {isa = PBXBuildFile; fileRef = 7241639E2BD7416300E6916C /* View + CustomNavigationBarModifier.swift */; };
		724163A12BD8885C00E6916C /* OrganizationInfoView.swift in Sources */ = {isa = PBXBuildFile; fileRef = 724163A02BD8885C00E6916C /* OrganizationInfoView.swift */; };
		724163A32BD88FFB00E6916C /* OrganizationMemberView.swift in Sources */ = {isa = PBXBuildFile; fileRef = 724163A22BD88FFB00E6916C /* OrganizationMemberView.swift */; };
		724163A52BD892AD00E6916C /* OrganizationMemberListView.swift in Sources */ = {isa = PBXBuildFile; fileRef = 724163A42BD892AD00E6916C /* OrganizationMemberListView.swift */; };
		724163A72BD8974F00E6916C /* OrganizationMembersResponse.swift in Sources */ = {isa = PBXBuildFile; fileRef = 724163A62BD8974F00E6916C /* OrganizationMembersResponse.swift */; };
		724163A92BD8978300E6916C /* OrganizationMemberEntity.swift in Sources */ = {isa = PBXBuildFile; fileRef = 724163A82BD8978300E6916C /* OrganizationMemberEntity.swift */; };
		724163AB2BD8982100E6916C /* OrganizationViewModel.swift in Sources */ = {isa = PBXBuildFile; fileRef = 724163AA2BD8982100E6916C /* OrganizationViewModel.swift */; };
		724163AD2BD8A1B300E6916C /* RepositoryListView.swift in Sources */ = {isa = PBXBuildFile; fileRef = 724163AC2BD8A1B300E6916C /* RepositoryListView.swift */; };
		724163AF2BD8A26100E6916C /* RepositoryInfoSummaryView.swift in Sources */ = {isa = PBXBuildFile; fileRef = 724163AE2BD8A26100E6916C /* RepositoryInfoSummaryView.swift */; };
		724163B12BD8C83D00E6916C /* OrganizationReposEntity.swift in Sources */ = {isa = PBXBuildFile; fileRef = 724163B02BD8C83D00E6916C /* OrganizationReposEntity.swift */; };
		724163B32BD8C97F00E6916C /* OrganizationReposResponse.swift in Sources */ = {isa = PBXBuildFile; fileRef = 724163B22BD8C97F00E6916C /* OrganizationReposResponse.swift */; };
		724163B62BD9FD3D00E6916C /* RepositoryView.swift in Sources */ = {isa = PBXBuildFile; fileRef = 724163B52BD9FD3D00E6916C /* RepositoryView.swift */; };
		724163B92BDA053100E6916C /* RepositoryInfoView.swift in Sources */ = {isa = PBXBuildFile; fileRef = 724163B82BDA053100E6916C /* RepositoryInfoView.swift */; };
		724D44762BA14F2F008FFC5A /* GitTrackApp.swift in Sources */ = {isa = PBXBuildFile; fileRef = 724D44752BA14F2F008FFC5A /* GitTrackApp.swift */; };
		724D44782BA14F2F008FFC5A /* ContentView.swift in Sources */ = {isa = PBXBuildFile; fileRef = 724D44772BA14F2F008FFC5A /* ContentView.swift */; };
		724D447A2BA14F30008FFC5A /* Assets.xcassets in Resources */ = {isa = PBXBuildFile; fileRef = 724D44792BA14F30008FFC5A /* Assets.xcassets */; };
		724D447D2BA14F30008FFC5A /* Preview Assets.xcassets in Resources */ = {isa = PBXBuildFile; fileRef = 724D447C2BA14F30008FFC5A /* Preview Assets.xcassets */; };
		7250B1F82BE212970034178C /* RepositoryLanguageResponse.swift in Sources */ = {isa = PBXBuildFile; fileRef = 7250B1F72BE212970034178C /* RepositoryLanguageResponse.swift */; };
		7250B1FA2BE212CA0034178C /* LanguageEntity.swift in Sources */ = {isa = PBXBuildFile; fileRef = 7250B1F92BE212CA0034178C /* LanguageEntity.swift */; };
		7250B1FC2BE21AB30034178C /* RepositoryViewModel.swift in Sources */ = {isa = PBXBuildFile; fileRef = 7250B1FB2BE21AB30034178C /* RepositoryViewModel.swift */; };
		726E7F752BC2E0DD001DD2D1 /* ImageView.swift in Sources */ = {isa = PBXBuildFile; fileRef = 726E7F742BC2E0DD001DD2D1 /* ImageView.swift */; };
		7271B9782C05EB1300B072D2 /* RepositoryCommitResponse.swift in Sources */ = {isa = PBXBuildFile; fileRef = 7271B9772C05EB1300B072D2 /* RepositoryCommitResponse.swift */; };
		7271B97A2C05EB7300B072D2 /* RepositoryCommitEntity.swift in Sources */ = {isa = PBXBuildFile; fileRef = 7271B9792C05EB7300B072D2 /* RepositoryCommitEntity.swift */; };
		72749D2E2BC4242C005BFDCD /* Moya in Frameworks */ = {isa = PBXBuildFile; productRef = 72749D2D2BC4242C005BFDCD /* Moya */; };
		72749D302BC4242C005BFDCD /* RxMoya in Frameworks */ = {isa = PBXBuildFile; productRef = 72749D2F2BC4242C005BFDCD /* RxMoya */; };
		72749D332BC42438005BFDCD /* RxCocoa in Frameworks */ = {isa = PBXBuildFile; productRef = 72749D322BC42438005BFDCD /* RxCocoa */; };
		72749D352BC42438005BFDCD /* RxRelay in Frameworks */ = {isa = PBXBuildFile; productRef = 72749D342BC42438005BFDCD /* RxRelay */; };
		72749D372BC42438005BFDCD /* RxSwift in Frameworks */ = {isa = PBXBuildFile; productRef = 72749D362BC42438005BFDCD /* RxSwift */; };
		72749D392BC5208F005BFDCD /* IsPrivateView.swift in Sources */ = {isa = PBXBuildFile; fileRef = 72749D382BC5208F005BFDCD /* IsPrivateView.swift */; };
		7275E3A72BB68188005BCEBF /* Header.swift in Sources */ = {isa = PBXBuildFile; fileRef = 7275E3A62BB68188005BCEBF /* Header.swift */; };
		7275E3AA2BB6851F005BCEBF /* HomeView.swift in Sources */ = {isa = PBXBuildFile; fileRef = 7275E3A92BB6851F005BCEBF /* HomeView.swift */; };
		7282E7812C0008ED00E8597E /* ContributorEntity.swift in Sources */ = {isa = PBXBuildFile; fileRef = 7282E7802C0008ED00E8597E /* ContributorEntity.swift */; };
		7282E7832C000A9D00E8597E /* RepositoryContributorResponse.swift in Sources */ = {isa = PBXBuildFile; fileRef = 7282E7822C000A9D00E8597E /* RepositoryContributorResponse.swift */; };
		729291622BBC23200095CFC9 /* UserInfoView.swift in Sources */ = {isa = PBXBuildFile; fileRef = 729291612BBC23200095CFC9 /* UserInfoView.swift */; };
		729900722BB432DC000A9614 /* GithubService.swift in Sources */ = {isa = PBXBuildFile; fileRef = 729900712BB432DC000A9614 /* GithubService.swift */; };
		72B0C1DC2BB2DC79002A0CF6 /* GithubAPI.swift in Sources */ = {isa = PBXBuildFile; fileRef = 72B0C1DB2BB2DC79002A0CF6 /* GithubAPI.swift */; };
		72B6C3402BAD89F6007794FB /* Launch Screen.storyboard in Resources */ = {isa = PBXBuildFile; fileRef = 72B6C33F2BAD89F6007794FB /* Launch Screen.storyboard */; };
		72CE9A632BBBF67800D514FB /* LoginViewModel.swift in Sources */ = {isa = PBXBuildFile; fileRef = 72CE9A622BBBF67800D514FB /* LoginViewModel.swift */; };
		72CE9A692BBC0B9C00D514FB /* TokenResponse.swift in Sources */ = {isa = PBXBuildFile; fileRef = 72CE9A682BBC0B9C00D514FB /* TokenResponse.swift */; };
		72CE9A6C2BBC0F4F00D514FB /* MoyaLoggingPlugin.swift in Sources */ = {isa = PBXBuildFile; fileRef = 72CE9A6B2BBC0F4F00D514FB /* MoyaLoggingPlugin.swift */; };
		72DF4CB72BB1C2140003BB6C /* Pretendard-Regular.otf in Resources */ = {isa = PBXBuildFile; fileRef = 72DF4CB62BB1C2140003BB6C /* Pretendard-Regular.otf */; };
		72DF4CB92BB1C23C0003BB6C /* Pretendard-Medium.otf in Resources */ = {isa = PBXBuildFile; fileRef = 72DF4CB82BB1C23C0003BB6C /* Pretendard-Medium.otf */; };
		72DF4CBB2BB1C2460003BB6C /* Pretendard-SemiBold.otf in Resources */ = {isa = PBXBuildFile; fileRef = 72DF4CBA2BB1C2460003BB6C /* Pretendard-SemiBold.otf */; };
		72DF4CBD2BB1C24F0003BB6C /* Pretendard-Bold.otf in Resources */ = {isa = PBXBuildFile; fileRef = 72DF4CBC2BB1C24F0003BB6C /* Pretendard-Bold.otf */; };
		72DF4CE22BB246300003BB6C /* LoginView.swift in Sources */ = {isa = PBXBuildFile; fileRef = 72DF4CE12BB246300003BB6C /* LoginView.swift */; };
		72DF4CE72BB24BB70003BB6C /* Font.swift in Sources */ = {isa = PBXBuildFile; fileRef = 72DF4CE62BB24BB70003BB6C /* Font.swift */; };
		72EC90142BC8B23200BC6AFE /* UserInfoResponse.swift in Sources */ = {isa = PBXBuildFile; fileRef = 72EC90132BC8B23200BC6AFE /* UserInfoResponse.swift */; };
		72EC90162BC8B5FF00BC6AFE /* HomeViewModel.swift in Sources */ = {isa = PBXBuildFile; fileRef = 72EC90152BC8B5FF00BC6AFE /* HomeViewModel.swift */; };
		72EC90192BC8B93D00BC6AFE /* UserInfoEntity.swift in Sources */ = {isa = PBXBuildFile; fileRef = 72EC90182BC8B93D00BC6AFE /* UserInfoEntity.swift */; };
		72EC901B2BCE844600BC6AFE /* IssueType.swift in Sources */ = {isa = PBXBuildFile; fileRef = 72EC901A2BCE844600BC6AFE /* IssueType.swift */; };
		72EC901D2BCE898C00BC6AFE /* IssueTypeButtonsView.swift in Sources */ = {isa = PBXBuildFile; fileRef = 72EC901C2BCE898C00BC6AFE /* IssueTypeButtonsView.swift */; };
		72EC901F2BCE8D9500BC6AFE /* IssueTypeButton.swift in Sources */ = {isa = PBXBuildFile; fileRef = 72EC901E2BCE8D9500BC6AFE /* IssueTypeButton.swift */; };
		72EC90212BCE972C00BC6AFE /* IssueListView.swift in Sources */ = {isa = PBXBuildFile; fileRef = 72EC90202BCE972C00BC6AFE /* IssueListView.swift */; };
		72EC90242BCF66A000BC6AFE /* OnbordingView.swift in Sources */ = {isa = PBXBuildFile; fileRef = 72EC90232BCF66A000BC6AFE /* OnbordingView.swift */; };
		72EC90262BCF673800BC6AFE /* OnbordingViewModel.swift in Sources */ = {isa = PBXBuildFile; fileRef = 72EC90252BCF673800BC6AFE /* OnbordingViewModel.swift */; };
		72EC90282BD0DED300BC6AFE /* OrganizationEntity.swift in Sources */ = {isa = PBXBuildFile; fileRef = 72EC90272BD0DED300BC6AFE /* OrganizationEntity.swift */; };
		72EC902A2BD0DF0700BC6AFE /* OrganizationsResponse.swift in Sources */ = {isa = PBXBuildFile; fileRef = 72EC90292BD0DF0700BC6AFE /* OrganizationsResponse.swift */; };
		72EC902C2BD1269A00BC6AFE /* IssuesResponse.swift in Sources */ = {isa = PBXBuildFile; fileRef = 72EC902B2BD1269A00BC6AFE /* IssuesResponse.swift */; };
		72EC902E2BD126EF00BC6AFE /* IssueEntity.swift in Sources */ = {isa = PBXBuildFile; fileRef = 72EC902D2BD126EF00BC6AFE /* IssueEntity.swift */; };
		72F086EA2BBFBBC900220B63 /* OrganizationListView.swift in Sources */ = {isa = PBXBuildFile; fileRef = 72F086E92BBFBBC900220B63 /* OrganizationListView.swift */; };
		72F086EC2BBFD5D500220B63 /* OrganzationInfoSummaryView.swift in Sources */ = {isa = PBXBuildFile; fileRef = 72F086EB2BBFD5D500220B63 /* OrganzationInfoSummaryView.swift */; };
/* End PBXBuildFile section */

/* Begin PBXFileReference section */
		720233A42BD60D3E009BF1D3 /* OrganizationView.swift */ = {isa = PBXFileReference; lastKnownFileType = sourcecode.swift; path = OrganizationView.swift; sourceTree = "<group>"; };
		7241639A2BD73EF700E6916C /* CustomNavigationBarView.swift */ = {isa = PBXFileReference; lastKnownFileType = sourcecode.swift; path = CustomNavigationBarView.swift; sourceTree = "<group>"; };
		7241639E2BD7416300E6916C /* View + CustomNavigationBarModifier.swift */ = {isa = PBXFileReference; lastKnownFileType = sourcecode.swift; path = "View + CustomNavigationBarModifier.swift"; sourceTree = "<group>"; };
		724163A02BD8885C00E6916C /* OrganizationInfoView.swift */ = {isa = PBXFileReference; lastKnownFileType = sourcecode.swift; path = OrganizationInfoView.swift; sourceTree = "<group>"; };
		724163A22BD88FFB00E6916C /* OrganizationMemberView.swift */ = {isa = PBXFileReference; lastKnownFileType = sourcecode.swift; path = OrganizationMemberView.swift; sourceTree = "<group>"; };
		724163A42BD892AD00E6916C /* OrganizationMemberListView.swift */ = {isa = PBXFileReference; lastKnownFileType = sourcecode.swift; path = OrganizationMemberListView.swift; sourceTree = "<group>"; };
		724163A62BD8974F00E6916C /* OrganizationMembersResponse.swift */ = {isa = PBXFileReference; lastKnownFileType = sourcecode.swift; path = OrganizationMembersResponse.swift; sourceTree = "<group>"; };
		724163A82BD8978300E6916C /* OrganizationMemberEntity.swift */ = {isa = PBXFileReference; lastKnownFileType = sourcecode.swift; path = OrganizationMemberEntity.swift; sourceTree = "<group>"; };
		724163AA2BD8982100E6916C /* OrganizationViewModel.swift */ = {isa = PBXFileReference; lastKnownFileType = sourcecode.swift; path = OrganizationViewModel.swift; sourceTree = "<group>"; };
		724163AC2BD8A1B300E6916C /* RepositoryListView.swift */ = {isa = PBXFileReference; lastKnownFileType = sourcecode.swift; path = RepositoryListView.swift; sourceTree = "<group>"; };
		724163AE2BD8A26100E6916C /* RepositoryInfoSummaryView.swift */ = {isa = PBXFileReference; lastKnownFileType = sourcecode.swift; path = RepositoryInfoSummaryView.swift; sourceTree = "<group>"; };
		724163B02BD8C83D00E6916C /* OrganizationReposEntity.swift */ = {isa = PBXFileReference; lastKnownFileType = sourcecode.swift; path = OrganizationReposEntity.swift; sourceTree = "<group>"; };
		724163B22BD8C97F00E6916C /* OrganizationReposResponse.swift */ = {isa = PBXFileReference; lastKnownFileType = sourcecode.swift; path = OrganizationReposResponse.swift; sourceTree = "<group>"; };
		724163B52BD9FD3D00E6916C /* RepositoryView.swift */ = {isa = PBXFileReference; lastKnownFileType = sourcecode.swift; path = RepositoryView.swift; sourceTree = "<group>"; };
		724163B82BDA053100E6916C /* RepositoryInfoView.swift */ = {isa = PBXFileReference; lastKnownFileType = sourcecode.swift; path = RepositoryInfoView.swift; sourceTree = "<group>"; };
		724D44722BA14F2F008FFC5A /* GitTrack-iOS.app */ = {isa = PBXFileReference; explicitFileType = wrapper.application; includeInIndex = 0; path = "GitTrack-iOS.app"; sourceTree = BUILT_PRODUCTS_DIR; };
		724D44752BA14F2F008FFC5A /* GitTrackApp.swift */ = {isa = PBXFileReference; lastKnownFileType = sourcecode.swift; path = GitTrackApp.swift; sourceTree = "<group>"; };
		724D44772BA14F2F008FFC5A /* ContentView.swift */ = {isa = PBXFileReference; lastKnownFileType = sourcecode.swift; path = ContentView.swift; sourceTree = "<group>"; };
		724D44792BA14F30008FFC5A /* Assets.xcassets */ = {isa = PBXFileReference; lastKnownFileType = folder.assetcatalog; path = Assets.xcassets; sourceTree = "<group>"; };
		724D447C2BA14F30008FFC5A /* Preview Assets.xcassets */ = {isa = PBXFileReference; lastKnownFileType = folder.assetcatalog; path = "Preview Assets.xcassets"; sourceTree = "<group>"; };
		7250B1F72BE212970034178C /* RepositoryLanguageResponse.swift */ = {isa = PBXFileReference; lastKnownFileType = sourcecode.swift; path = RepositoryLanguageResponse.swift; sourceTree = "<group>"; };
		7250B1F92BE212CA0034178C /* LanguageEntity.swift */ = {isa = PBXFileReference; lastKnownFileType = sourcecode.swift; path = LanguageEntity.swift; sourceTree = "<group>"; };
		7250B1FB2BE21AB30034178C /* RepositoryViewModel.swift */ = {isa = PBXFileReference; lastKnownFileType = sourcecode.swift; path = RepositoryViewModel.swift; sourceTree = "<group>"; };
		726E7F742BC2E0DD001DD2D1 /* ImageView.swift */ = {isa = PBXFileReference; lastKnownFileType = sourcecode.swift; path = ImageView.swift; sourceTree = "<group>"; };
		7271B9772C05EB1300B072D2 /* RepositoryCommitResponse.swift */ = {isa = PBXFileReference; lastKnownFileType = sourcecode.swift; path = RepositoryCommitResponse.swift; sourceTree = "<group>"; };
		7271B9792C05EB7300B072D2 /* RepositoryCommitEntity.swift */ = {isa = PBXFileReference; lastKnownFileType = sourcecode.swift; path = RepositoryCommitEntity.swift; sourceTree = "<group>"; };
		72749D382BC5208F005BFDCD /* IsPrivateView.swift */ = {isa = PBXFileReference; lastKnownFileType = sourcecode.swift; path = IsPrivateView.swift; sourceTree = "<group>"; };
		7275E3A62BB68188005BCEBF /* Header.swift */ = {isa = PBXFileReference; lastKnownFileType = sourcecode.swift; path = Header.swift; sourceTree = "<group>"; };
		7275E3A92BB6851F005BCEBF /* HomeView.swift */ = {isa = PBXFileReference; lastKnownFileType = sourcecode.swift; path = HomeView.swift; sourceTree = "<group>"; };
		7282E7802C0008ED00E8597E /* ContributorEntity.swift */ = {isa = PBXFileReference; lastKnownFileType = sourcecode.swift; path = ContributorEntity.swift; sourceTree = "<group>"; };
		7282E7822C000A9D00E8597E /* RepositoryContributorResponse.swift */ = {isa = PBXFileReference; lastKnownFileType = sourcecode.swift; path = RepositoryContributorResponse.swift; sourceTree = "<group>"; };
		729291612BBC23200095CFC9 /* UserInfoView.swift */ = {isa = PBXFileReference; lastKnownFileType = sourcecode.swift; path = UserInfoView.swift; sourceTree = "<group>"; };
		729900712BB432DC000A9614 /* GithubService.swift */ = {isa = PBXFileReference; lastKnownFileType = sourcecode.swift; path = GithubService.swift; sourceTree = "<group>"; };
		72B0C1DB2BB2DC79002A0CF6 /* GithubAPI.swift */ = {isa = PBXFileReference; lastKnownFileType = sourcecode.swift; path = GithubAPI.swift; sourceTree = "<group>"; };
		72B6C33F2BAD89F6007794FB /* Launch Screen.storyboard */ = {isa = PBXFileReference; lastKnownFileType = file.storyboard; path = "Launch Screen.storyboard"; sourceTree = "<group>"; };
		72CE9A622BBBF67800D514FB /* LoginViewModel.swift */ = {isa = PBXFileReference; lastKnownFileType = sourcecode.swift; path = LoginViewModel.swift; sourceTree = "<group>"; };
		72CE9A682BBC0B9C00D514FB /* TokenResponse.swift */ = {isa = PBXFileReference; lastKnownFileType = sourcecode.swift; path = TokenResponse.swift; sourceTree = "<group>"; };
		72CE9A6B2BBC0F4F00D514FB /* MoyaLoggingPlugin.swift */ = {isa = PBXFileReference; lastKnownFileType = sourcecode.swift; path = MoyaLoggingPlugin.swift; sourceTree = "<group>"; };
		72DF4CB62BB1C2140003BB6C /* Pretendard-Regular.otf */ = {isa = PBXFileReference; lastKnownFileType = file; path = "Pretendard-Regular.otf"; sourceTree = "<group>"; };
		72DF4CB82BB1C23C0003BB6C /* Pretendard-Medium.otf */ = {isa = PBXFileReference; lastKnownFileType = file; path = "Pretendard-Medium.otf"; sourceTree = "<group>"; };
		72DF4CBA2BB1C2460003BB6C /* Pretendard-SemiBold.otf */ = {isa = PBXFileReference; lastKnownFileType = file; path = "Pretendard-SemiBold.otf"; sourceTree = "<group>"; };
		72DF4CBC2BB1C24F0003BB6C /* Pretendard-Bold.otf */ = {isa = PBXFileReference; lastKnownFileType = file; path = "Pretendard-Bold.otf"; sourceTree = "<group>"; };
		72DF4CBE2BB1C2870003BB6C /* Info.plist */ = {isa = PBXFileReference; lastKnownFileType = text.plist; path = Info.plist; sourceTree = "<group>"; };
		72DF4CE12BB246300003BB6C /* LoginView.swift */ = {isa = PBXFileReference; lastKnownFileType = sourcecode.swift; path = LoginView.swift; sourceTree = "<group>"; };
		72DF4CE62BB24BB70003BB6C /* Font.swift */ = {isa = PBXFileReference; lastKnownFileType = sourcecode.swift; path = Font.swift; sourceTree = "<group>"; };
		72EC90132BC8B23200BC6AFE /* UserInfoResponse.swift */ = {isa = PBXFileReference; lastKnownFileType = sourcecode.swift; path = UserInfoResponse.swift; sourceTree = "<group>"; };
		72EC90152BC8B5FF00BC6AFE /* HomeViewModel.swift */ = {isa = PBXFileReference; lastKnownFileType = sourcecode.swift; path = HomeViewModel.swift; sourceTree = "<group>"; };
		72EC90182BC8B93D00BC6AFE /* UserInfoEntity.swift */ = {isa = PBXFileReference; lastKnownFileType = sourcecode.swift; path = UserInfoEntity.swift; sourceTree = "<group>"; };
		72EC901A2BCE844600BC6AFE /* IssueType.swift */ = {isa = PBXFileReference; lastKnownFileType = sourcecode.swift; path = IssueType.swift; sourceTree = "<group>"; };
		72EC901C2BCE898C00BC6AFE /* IssueTypeButtonsView.swift */ = {isa = PBXFileReference; lastKnownFileType = sourcecode.swift; path = IssueTypeButtonsView.swift; sourceTree = "<group>"; };
		72EC901E2BCE8D9500BC6AFE /* IssueTypeButton.swift */ = {isa = PBXFileReference; lastKnownFileType = sourcecode.swift; path = IssueTypeButton.swift; sourceTree = "<group>"; };
		72EC90202BCE972C00BC6AFE /* IssueListView.swift */ = {isa = PBXFileReference; lastKnownFileType = sourcecode.swift; path = IssueListView.swift; sourceTree = "<group>"; };
		72EC90232BCF66A000BC6AFE /* OnbordingView.swift */ = {isa = PBXFileReference; lastKnownFileType = sourcecode.swift; path = OnbordingView.swift; sourceTree = "<group>"; };
		72EC90252BCF673800BC6AFE /* OnbordingViewModel.swift */ = {isa = PBXFileReference; lastKnownFileType = sourcecode.swift; path = OnbordingViewModel.swift; sourceTree = "<group>"; };
		72EC90272BD0DED300BC6AFE /* OrganizationEntity.swift */ = {isa = PBXFileReference; lastKnownFileType = sourcecode.swift; path = OrganizationEntity.swift; sourceTree = "<group>"; };
		72EC90292BD0DF0700BC6AFE /* OrganizationsResponse.swift */ = {isa = PBXFileReference; lastKnownFileType = sourcecode.swift; path = OrganizationsResponse.swift; sourceTree = "<group>"; };
		72EC902B2BD1269A00BC6AFE /* IssuesResponse.swift */ = {isa = PBXFileReference; lastKnownFileType = sourcecode.swift; path = IssuesResponse.swift; sourceTree = "<group>"; };
		72EC902D2BD126EF00BC6AFE /* IssueEntity.swift */ = {isa = PBXFileReference; lastKnownFileType = sourcecode.swift; path = IssueEntity.swift; sourceTree = "<group>"; };
		72F086E92BBFBBC900220B63 /* OrganizationListView.swift */ = {isa = PBXFileReference; lastKnownFileType = sourcecode.swift; path = OrganizationListView.swift; sourceTree = "<group>"; };
		72F086EB2BBFD5D500220B63 /* OrganzationInfoSummaryView.swift */ = {isa = PBXFileReference; lastKnownFileType = sourcecode.swift; path = OrganzationInfoSummaryView.swift; sourceTree = "<group>"; };
/* End PBXFileReference section */

/* Begin PBXFrameworksBuildPhase section */
		724D446F2BA14F2F008FFC5A /* Frameworks */ = {
			isa = PBXFrameworksBuildPhase;
			buildActionMask = 2147483647;
			files = (
				72749D332BC42438005BFDCD /* RxCocoa in Frameworks */,
				72749D302BC4242C005BFDCD /* RxMoya in Frameworks */,
				72749D372BC42438005BFDCD /* RxSwift in Frameworks */,
				72749D352BC42438005BFDCD /* RxRelay in Frameworks */,
				72749D2E2BC4242C005BFDCD /* Moya in Frameworks */,
			);
			runOnlyForDeploymentPostprocessing = 0;
		};
/* End PBXFrameworksBuildPhase section */

/* Begin PBXGroup section */
		720233A22BD60CE4009BF1D3 /* Organization */ = {
			isa = PBXGroup;
			children = (
				720233A32BD60D20009BF1D3 /* Component */,
				720233A42BD60D3E009BF1D3 /* OrganizationView.swift */,
				724163AA2BD8982100E6916C /* OrganizationViewModel.swift */,
			);
			path = Organization;
			sourceTree = "<group>";
		};
		720233A32BD60D20009BF1D3 /* Component */ = {
			isa = PBXGroup;
			children = (
				72749D382BC5208F005BFDCD /* IsPrivateView.swift */,
				724163A02BD8885C00E6916C /* OrganizationInfoView.swift */,
				724163A22BD88FFB00E6916C /* OrganizationMemberView.swift */,
				724163A42BD892AD00E6916C /* OrganizationMemberListView.swift */,
				724163AC2BD8A1B300E6916C /* RepositoryListView.swift */,
				724163AE2BD8A26100E6916C /* RepositoryInfoSummaryView.swift */,
			);
			path = Component;
			sourceTree = "<group>";
		};
		724163B42BD9FD1F00E6916C /* Repository */ = {
			isa = PBXGroup;
			children = (
				724163B72BDA052000E6916C /* Component */,
				724163B52BD9FD3D00E6916C /* RepositoryView.swift */,
				7250B1FB2BE21AB30034178C /* RepositoryViewModel.swift */,
			);
			path = Repository;
			sourceTree = "<group>";
		};
		724163B72BDA052000E6916C /* Component */ = {
			isa = PBXGroup;
			children = (
				724163B82BDA053100E6916C /* RepositoryInfoView.swift */,
			);
			path = Component;
			sourceTree = "<group>";
		};
		724D44692BA14F2F008FFC5A = {
			isa = PBXGroup;
			children = (
				724D44742BA14F2F008FFC5A /* GitTrack-iOS */,
				724D44732BA14F2F008FFC5A /* Products */,
			);
			sourceTree = "<group>";
		};
		724D44732BA14F2F008FFC5A /* Products */ = {
			isa = PBXGroup;
			children = (
				724D44722BA14F2F008FFC5A /* GitTrack-iOS.app */,
			);
			name = Products;
			sourceTree = "<group>";
		};
		724D44742BA14F2F008FFC5A /* GitTrack-iOS */ = {
			isa = PBXGroup;
			children = (
				72B0C1DA2BB2DC64002A0CF6 /* Domain */,
				72DF4CBE2BB1C2870003BB6C /* Info.plist */,
				72B6C3482BB0637D007794FB /* Application */,
				72B6C3432BAD8C05007794FB /* Resource */,
				72B6C3472BB06368007794FB /* Source */,
				724D44792BA14F30008FFC5A /* Assets.xcassets */,
				724D447B2BA14F30008FFC5A /* Preview Content */,
			);
			path = "GitTrack-iOS";
			sourceTree = "<group>";
		};
		724D447B2BA14F30008FFC5A /* Preview Content */ = {
			isa = PBXGroup;
			children = (
				724D447C2BA14F30008FFC5A /* Preview Assets.xcassets */,
			);
			path = "Preview Content";
			sourceTree = "<group>";
		};
		7275E3A52BB6817C005BCEBF /* Header */ = {
			isa = PBXGroup;
			children = (
				7275E3A62BB68188005BCEBF /* Header.swift */,
			);
			path = Header;
			sourceTree = "<group>";
		};
		7275E3A82BB684D3005BCEBF /* Home */ = {
			isa = PBXGroup;
			children = (
				72CE9A6F2BBC185400D514FB /* Component */,
				7275E3A92BB6851F005BCEBF /* HomeView.swift */,
				72EC90152BC8B5FF00BC6AFE /* HomeViewModel.swift */,
			);
			path = Home;
			sourceTree = "<group>";
		};
		72B0C1DA2BB2DC64002A0CF6 /* Domain */ = {
			isa = PBXGroup;
			children = (
				72CE9A6A2BBC0F3600D514FB /* MoyaPlugIn */,
				7275E3A52BB6817C005BCEBF /* Header */,
				72CE9A652BBC0AAA00D514FB /* Github */,
			);
			path = Domain;
			sourceTree = "<group>";
		};
		72B6C3432BAD8C05007794FB /* Resource */ = {
			isa = PBXGroup;
			children = (
				72DF4CB52BB1C1EB0003BB6C /* Font */,
				72B6C33F2BAD89F6007794FB /* Launch Screen.storyboard */,
			);
			path = Resource;
			sourceTree = "<group>";
		};
		72B6C3472BB06368007794FB /* Source */ = {
			isa = PBXGroup;
			children = (
				72B6C34E2BB06454007794FB /* Global */,
				72B6C3492BB0638D007794FB /* Sence */,
			);
			path = Source;
			sourceTree = "<group>";
		};
		72B6C3482BB0637D007794FB /* Application */ = {
			isa = PBXGroup;
			children = (
				724D44752BA14F2F008FFC5A /* GitTrackApp.swift */,
			);
			path = Application;
			sourceTree = "<group>";
		};
		72B6C3492BB0638D007794FB /* Sence */ = {
			isa = PBXGroup;
			children = (
				724163B42BD9FD1F00E6916C /* Repository */,
				720233A22BD60CE4009BF1D3 /* Organization */,
				72EC90222BCF668300BC6AFE /* Onbording */,
				7275E3A82BB684D3005BCEBF /* Home */,
				72B6C34A2BB063AE007794FB /* Login */,
				724D44772BA14F2F008FFC5A /* ContentView.swift */,
			);
			path = Sence;
			sourceTree = "<group>";
		};
		72B6C34A2BB063AE007794FB /* Login */ = {
			isa = PBXGroup;
			children = (
				72DF4CE12BB246300003BB6C /* LoginView.swift */,
				72CE9A622BBBF67800D514FB /* LoginViewModel.swift */,
			);
			path = Login;
			sourceTree = "<group>";
		};
		72B6C34E2BB06454007794FB /* Global */ = {
			isa = PBXGroup;
			children = (
				72B6C3512BB0649E007794FB /* Util */,
				72B6C34F2BB0646F007794FB /* Component */,
			);
			path = Global;
			sourceTree = "<group>";
		};
		72B6C34F2BB0646F007794FB /* Component */ = {
			isa = PBXGroup;
			children = (
				726E7F742BC2E0DD001DD2D1 /* ImageView.swift */,
			);
			path = Component;
			sourceTree = "<group>";
		};
		72B6C3512BB0649E007794FB /* Util */ = {
			isa = PBXGroup;
			children = (
				7241639A2BD73EF700E6916C /* CustomNavigationBarView.swift */,
				7241639E2BD7416300E6916C /* View + CustomNavigationBarModifier.swift */,
			);
			path = Util;
			sourceTree = "<group>";
		};
		72CE9A652BBC0AAA00D514FB /* Github */ = {
			isa = PBXGroup;
			children = (
				72EC90172BC8B90200BC6AFE /* Entity */,
				72CE9A672BBC0ADD00D514FB /* Response */,
				72B0C1DB2BB2DC79002A0CF6 /* GithubAPI.swift */,
				729900712BB432DC000A9614 /* GithubService.swift */,
			);
			path = Github;
			sourceTree = "<group>";
		};
		72CE9A672BBC0ADD00D514FB /* Response */ = {
			isa = PBXGroup;
			children = (
				72CE9A682BBC0B9C00D514FB /* TokenResponse.swift */,
				72EC90132BC8B23200BC6AFE /* UserInfoResponse.swift */,
				72EC90292BD0DF0700BC6AFE /* OrganizationsResponse.swift */,
				72EC902B2BD1269A00BC6AFE /* IssuesResponse.swift */,
				724163A62BD8974F00E6916C /* OrganizationMembersResponse.swift */,
				724163B22BD8C97F00E6916C /* OrganizationReposResponse.swift */,
				7250B1F72BE212970034178C /* RepositoryLanguageResponse.swift */,
				7282E7822C000A9D00E8597E /* RepositoryContributorResponse.swift */,
				7271B9772C05EB1300B072D2 /* RepositoryCommitResponse.swift */,
			);
			path = Response;
			sourceTree = "<group>";
		};
		72CE9A6A2BBC0F3600D514FB /* MoyaPlugIn */ = {
			isa = PBXGroup;
			children = (
				72CE9A6B2BBC0F4F00D514FB /* MoyaLoggingPlugin.swift */,
			);
			path = MoyaPlugIn;
			sourceTree = "<group>";
		};
		72CE9A6F2BBC185400D514FB /* Component */ = {
			isa = PBXGroup;
			children = (
				72F086EB2BBFD5D500220B63 /* OrganzationInfoSummaryView.swift */,
				729291612BBC23200095CFC9 /* UserInfoView.swift */,
				72F086E92BBFBBC900220B63 /* OrganizationListView.swift */,
				72EC901A2BCE844600BC6AFE /* IssueType.swift */,
				72EC901C2BCE898C00BC6AFE /* IssueTypeButtonsView.swift */,
				72EC901E2BCE8D9500BC6AFE /* IssueTypeButton.swift */,
				72EC90202BCE972C00BC6AFE /* IssueListView.swift */,
			);
			path = Component;
			sourceTree = "<group>";
		};
		72DF4CB52BB1C1EB0003BB6C /* Font */ = {
			isa = PBXGroup;
			children = (
				72DF4CBC2BB1C24F0003BB6C /* Pretendard-Bold.otf */,
				72DF4CBA2BB1C2460003BB6C /* Pretendard-SemiBold.otf */,
				72DF4CB82BB1C23C0003BB6C /* Pretendard-Medium.otf */,
				72DF4CB62BB1C2140003BB6C /* Pretendard-Regular.otf */,
				72DF4CE62BB24BB70003BB6C /* Font.swift */,
			);
			path = Font;
			sourceTree = "<group>";
		};
		72EC90172BC8B90200BC6AFE /* Entity */ = {
			isa = PBXGroup;
			children = (
				72EC90182BC8B93D00BC6AFE /* UserInfoEntity.swift */,
				72EC90272BD0DED300BC6AFE /* OrganizationEntity.swift */,
				72EC902D2BD126EF00BC6AFE /* IssueEntity.swift */,
				724163A82BD8978300E6916C /* OrganizationMemberEntity.swift */,
				724163B02BD8C83D00E6916C /* OrganizationReposEntity.swift */,
				7250B1F92BE212CA0034178C /* LanguageEntity.swift */,
				7282E7802C0008ED00E8597E /* ContributorEntity.swift */,
				7271B9792C05EB7300B072D2 /* RepositoryCommitEntity.swift */,
			);
			path = Entity;
			sourceTree = "<group>";
		};
		72EC90222BCF668300BC6AFE /* Onbording */ = {
			isa = PBXGroup;
			children = (
				72EC90232BCF66A000BC6AFE /* OnbordingView.swift */,
				72EC90252BCF673800BC6AFE /* OnbordingViewModel.swift */,
			);
			path = Onbording;
			sourceTree = "<group>";
		};
/* End PBXGroup section */

/* Begin PBXNativeTarget section */
		724D44712BA14F2F008FFC5A /* GitTrack-iOS */ = {
			isa = PBXNativeTarget;
			buildConfigurationList = 724D44802BA14F30008FFC5A /* Build configuration list for PBXNativeTarget "GitTrack-iOS" */;
			buildPhases = (
				724D446E2BA14F2F008FFC5A /* Sources */,
				724D446F2BA14F2F008FFC5A /* Frameworks */,
				724D44702BA14F2F008FFC5A /* Resources */,
			);
			buildRules = (
			);
			dependencies = (
			);
			name = "GitTrack-iOS";
			packageProductDependencies = (
				72749D2D2BC4242C005BFDCD /* Moya */,
				72749D2F2BC4242C005BFDCD /* RxMoya */,
				72749D322BC42438005BFDCD /* RxCocoa */,
				72749D342BC42438005BFDCD /* RxRelay */,
				72749D362BC42438005BFDCD /* RxSwift */,
			);
			productName = "GitTrack-iOS";
			productReference = 724D44722BA14F2F008FFC5A /* GitTrack-iOS.app */;
			productType = "com.apple.product-type.application";
		};
/* End PBXNativeTarget section */

/* Begin PBXProject section */
		724D446A2BA14F2F008FFC5A /* Project object */ = {
			isa = PBXProject;
			attributes = {
				BuildIndependentTargetsInParallel = 1;
				LastSwiftUpdateCheck = 1530;
				LastUpgradeCheck = 1530;
				TargetAttributes = {
					724D44712BA14F2F008FFC5A = {
						CreatedOnToolsVersion = 15.3;
					};
				};
			};
			buildConfigurationList = 724D446D2BA14F2F008FFC5A /* Build configuration list for PBXProject "GitTrack-iOS" */;
			compatibilityVersion = "Xcode 14.0";
			developmentRegion = en;
			hasScannedForEncodings = 0;
			knownRegions = (
				en,
				Base,
			);
			mainGroup = 724D44692BA14F2F008FFC5A;
			packageReferences = (
				72749D2C2BC4242C005BFDCD /* XCRemoteSwiftPackageReference "Moya" */,
				72749D312BC42438005BFDCD /* XCRemoteSwiftPackageReference "RxSwift" */,
			);
			productRefGroup = 724D44732BA14F2F008FFC5A /* Products */;
			projectDirPath = "";
			projectRoot = "";
			targets = (
				724D44712BA14F2F008FFC5A /* GitTrack-iOS */,
			);
		};
/* End PBXProject section */

/* Begin PBXResourcesBuildPhase section */
		724D44702BA14F2F008FFC5A /* Resources */ = {
			isa = PBXResourcesBuildPhase;
			buildActionMask = 2147483647;
			files = (
				72B6C3402BAD89F6007794FB /* Launch Screen.storyboard in Resources */,
				72DF4CB92BB1C23C0003BB6C /* Pretendard-Medium.otf in Resources */,
				72DF4CBD2BB1C24F0003BB6C /* Pretendard-Bold.otf in Resources */,
				72DF4CB72BB1C2140003BB6C /* Pretendard-Regular.otf in Resources */,
				72DF4CBB2BB1C2460003BB6C /* Pretendard-SemiBold.otf in Resources */,
				724D447D2BA14F30008FFC5A /* Preview Assets.xcassets in Resources */,
				724D447A2BA14F30008FFC5A /* Assets.xcassets in Resources */,
			);
			runOnlyForDeploymentPostprocessing = 0;
		};
/* End PBXResourcesBuildPhase section */

/* Begin PBXSourcesBuildPhase section */
		724D446E2BA14F2F008FFC5A /* Sources */ = {
			isa = PBXSourcesBuildPhase;
			buildActionMask = 2147483647;
			files = (
				7250B1FA2BE212CA0034178C /* LanguageEntity.swift in Sources */,
				7282E7832C000A9D00E8597E /* RepositoryContributorResponse.swift in Sources */,
				726E7F752BC2E0DD001DD2D1 /* ImageView.swift in Sources */,
				724163A12BD8885C00E6916C /* OrganizationInfoView.swift in Sources */,
				720233A52BD60D3E009BF1D3 /* OrganizationView.swift in Sources */,
				72EC90162BC8B5FF00BC6AFE /* HomeViewModel.swift in Sources */,
				72EC90142BC8B23200BC6AFE /* UserInfoResponse.swift in Sources */,
				724163A52BD892AD00E6916C /* OrganizationMemberListView.swift in Sources */,
				72EC90192BC8B93D00BC6AFE /* UserInfoEntity.swift in Sources */,
				72EC90262BCF673800BC6AFE /* OnbordingViewModel.swift in Sources */,
				72DF4CE72BB24BB70003BB6C /* Font.swift in Sources */,
				72DF4CE22BB246300003BB6C /* LoginView.swift in Sources */,
				729900722BB432DC000A9614 /* GithubService.swift in Sources */,
				7282E7812C0008ED00E8597E /* ContributorEntity.swift in Sources */,
				724163B62BD9FD3D00E6916C /* RepositoryView.swift in Sources */,
				72F086EC2BBFD5D500220B63 /* OrganzationInfoSummaryView.swift in Sources */,
				7250B1F82BE212970034178C /* RepositoryLanguageResponse.swift in Sources */,
				7271B9782C05EB1300B072D2 /* RepositoryCommitResponse.swift in Sources */,
				724163A92BD8978300E6916C /* OrganizationMemberEntity.swift in Sources */,
				724163B92BDA053100E6916C /* RepositoryInfoView.swift in Sources */,
				72EC901D2BCE898C00BC6AFE /* IssueTypeButtonsView.swift in Sources */,
				724163B12BD8C83D00E6916C /* OrganizationReposEntity.swift in Sources */,
				72EC901F2BCE8D9500BC6AFE /* IssueTypeButton.swift in Sources */,
				724163AF2BD8A26100E6916C /* RepositoryInfoSummaryView.swift in Sources */,
				724163A32BD88FFB00E6916C /* OrganizationMemberView.swift in Sources */,
				72EC90282BD0DED300BC6AFE /* OrganizationEntity.swift in Sources */,
				729291622BBC23200095CFC9 /* UserInfoView.swift in Sources */,
				72EC90242BCF66A000BC6AFE /* OnbordingView.swift in Sources */,
				7275E3A72BB68188005BCEBF /* Header.swift in Sources */,
				72F086EA2BBFBBC900220B63 /* OrganizationListView.swift in Sources */,
				724163B32BD8C97F00E6916C /* OrganizationReposResponse.swift in Sources */,
				7271B97A2C05EB7300B072D2 /* RepositoryCommitEntity.swift in Sources */,
				724163AD2BD8A1B300E6916C /* RepositoryListView.swift in Sources */,
				7241639B2BD73EF700E6916C /* CustomNavigationBarView.swift in Sources */,
				72CE9A6C2BBC0F4F00D514FB /* MoyaLoggingPlugin.swift in Sources */,
				7250B1FC2BE21AB30034178C /* RepositoryViewModel.swift in Sources */,
				72CE9A692BBC0B9C00D514FB /* TokenResponse.swift in Sources */,
				724D44782BA14F2F008FFC5A /* ContentView.swift in Sources */,
				724163AB2BD8982100E6916C /* OrganizationViewModel.swift in Sources */,
				72B0C1DC2BB2DC79002A0CF6 /* GithubAPI.swift in Sources */,
				72EC901B2BCE844600BC6AFE /* IssueType.swift in Sources */,
				7275E3AA2BB6851F005BCEBF /* HomeView.swift in Sources */,
				7241639F2BD7416300E6916C /* View + CustomNavigationBarModifier.swift in Sources */,
				724D44762BA14F2F008FFC5A /* GitTrackApp.swift in Sources */,
				72EC902A2BD0DF0700BC6AFE /* OrganizationsResponse.swift in Sources */,
				72749D392BC5208F005BFDCD /* IsPrivateView.swift in Sources */,
				72CE9A632BBBF67800D514FB /* LoginViewModel.swift in Sources */,
				72EC902E2BD126EF00BC6AFE /* IssueEntity.swift in Sources */,
				724163A72BD8974F00E6916C /* OrganizationMembersResponse.swift in Sources */,
				72EC902C2BD1269A00BC6AFE /* IssuesResponse.swift in Sources */,
				72EC90212BCE972C00BC6AFE /* IssueListView.swift in Sources */,
			);
			runOnlyForDeploymentPostprocessing = 0;
		};
/* End PBXSourcesBuildPhase section */

/* Begin XCBuildConfiguration section */
		724D447E2BA14F30008FFC5A /* Debug */ = {
			isa = XCBuildConfiguration;
			buildSettings = {
				ALWAYS_SEARCH_USER_PATHS = NO;
				ASSETCATALOG_COMPILER_GENERATE_SWIFT_ASSET_SYMBOL_EXTENSIONS = YES;
				CLANG_ANALYZER_NONNULL = YES;
				CLANG_ANALYZER_NUMBER_OBJECT_CONVERSION = YES_AGGRESSIVE;
				CLANG_CXX_LANGUAGE_STANDARD = "gnu++20";
				CLANG_ENABLE_MODULES = YES;
				CLANG_ENABLE_OBJC_ARC = YES;
				CLANG_ENABLE_OBJC_WEAK = YES;
				CLANG_WARN_BLOCK_CAPTURE_AUTORELEASING = YES;
				CLANG_WARN_BOOL_CONVERSION = YES;
				CLANG_WARN_COMMA = YES;
				CLANG_WARN_CONSTANT_CONVERSION = YES;
				CLANG_WARN_DEPRECATED_OBJC_IMPLEMENTATIONS = YES;
				CLANG_WARN_DIRECT_OBJC_ISA_USAGE = YES_ERROR;
				CLANG_WARN_DOCUMENTATION_COMMENTS = YES;
				CLANG_WARN_EMPTY_BODY = YES;
				CLANG_WARN_ENUM_CONVERSION = YES;
				CLANG_WARN_INFINITE_RECURSION = YES;
				CLANG_WARN_INT_CONVERSION = YES;
				CLANG_WARN_NON_LITERAL_NULL_CONVERSION = YES;
				CLANG_WARN_OBJC_IMPLICIT_RETAIN_SELF = YES;
				CLANG_WARN_OBJC_LITERAL_CONVERSION = YES;
				CLANG_WARN_OBJC_ROOT_CLASS = YES_ERROR;
				CLANG_WARN_QUOTED_INCLUDE_IN_FRAMEWORK_HEADER = YES;
				CLANG_WARN_RANGE_LOOP_ANALYSIS = YES;
				CLANG_WARN_STRICT_PROTOTYPES = YES;
				CLANG_WARN_SUSPICIOUS_MOVE = YES;
				CLANG_WARN_UNGUARDED_AVAILABILITY = YES_AGGRESSIVE;
				CLANG_WARN_UNREACHABLE_CODE = YES;
				CLANG_WARN__DUPLICATE_METHOD_MATCH = YES;
				COPY_PHASE_STRIP = NO;
				DEBUG_INFORMATION_FORMAT = dwarf;
				ENABLE_STRICT_OBJC_MSGSEND = YES;
				ENABLE_TESTABILITY = YES;
				ENABLE_USER_SCRIPT_SANDBOXING = YES;
				GCC_C_LANGUAGE_STANDARD = gnu17;
				GCC_DYNAMIC_NO_PIC = NO;
				GCC_NO_COMMON_BLOCKS = YES;
				GCC_OPTIMIZATION_LEVEL = 0;
				GCC_PREPROCESSOR_DEFINITIONS = (
					"DEBUG=1",
					"$(inherited)",
				);
				GCC_WARN_64_TO_32_BIT_CONVERSION = YES;
				GCC_WARN_ABOUT_RETURN_TYPE = YES_ERROR;
				GCC_WARN_UNDECLARED_SELECTOR = YES;
				GCC_WARN_UNINITIALIZED_AUTOS = YES_AGGRESSIVE;
				GCC_WARN_UNUSED_FUNCTION = YES;
				GCC_WARN_UNUSED_VARIABLE = YES;
				INFOPLIST_KEY_CFBundleDisplayName = GitTrack;
				IPHONEOS_DEPLOYMENT_TARGET = 17.4;
				LOCALIZATION_PREFERS_STRING_CATALOGS = YES;
				MTL_ENABLE_DEBUG_INFO = INCLUDE_SOURCE;
				MTL_FAST_MATH = YES;
				ONLY_ACTIVE_ARCH = YES;
				SDKROOT = iphoneos;
				SWIFT_ACTIVE_COMPILATION_CONDITIONS = "DEBUG $(inherited)";
				SWIFT_OPTIMIZATION_LEVEL = "-Onone";
			};
			name = Debug;
		};
		724D447F2BA14F30008FFC5A /* Release */ = {
			isa = XCBuildConfiguration;
			buildSettings = {
				ALWAYS_SEARCH_USER_PATHS = NO;
				ASSETCATALOG_COMPILER_GENERATE_SWIFT_ASSET_SYMBOL_EXTENSIONS = YES;
				CLANG_ANALYZER_NONNULL = YES;
				CLANG_ANALYZER_NUMBER_OBJECT_CONVERSION = YES_AGGRESSIVE;
				CLANG_CXX_LANGUAGE_STANDARD = "gnu++20";
				CLANG_ENABLE_MODULES = YES;
				CLANG_ENABLE_OBJC_ARC = YES;
				CLANG_ENABLE_OBJC_WEAK = YES;
				CLANG_WARN_BLOCK_CAPTURE_AUTORELEASING = YES;
				CLANG_WARN_BOOL_CONVERSION = YES;
				CLANG_WARN_COMMA = YES;
				CLANG_WARN_CONSTANT_CONVERSION = YES;
				CLANG_WARN_DEPRECATED_OBJC_IMPLEMENTATIONS = YES;
				CLANG_WARN_DIRECT_OBJC_ISA_USAGE = YES_ERROR;
				CLANG_WARN_DOCUMENTATION_COMMENTS = YES;
				CLANG_WARN_EMPTY_BODY = YES;
				CLANG_WARN_ENUM_CONVERSION = YES;
				CLANG_WARN_INFINITE_RECURSION = YES;
				CLANG_WARN_INT_CONVERSION = YES;
				CLANG_WARN_NON_LITERAL_NULL_CONVERSION = YES;
				CLANG_WARN_OBJC_IMPLICIT_RETAIN_SELF = YES;
				CLANG_WARN_OBJC_LITERAL_CONVERSION = YES;
				CLANG_WARN_OBJC_ROOT_CLASS = YES_ERROR;
				CLANG_WARN_QUOTED_INCLUDE_IN_FRAMEWORK_HEADER = YES;
				CLANG_WARN_RANGE_LOOP_ANALYSIS = YES;
				CLANG_WARN_STRICT_PROTOTYPES = YES;
				CLANG_WARN_SUSPICIOUS_MOVE = YES;
				CLANG_WARN_UNGUARDED_AVAILABILITY = YES_AGGRESSIVE;
				CLANG_WARN_UNREACHABLE_CODE = YES;
				CLANG_WARN__DUPLICATE_METHOD_MATCH = YES;
				COPY_PHASE_STRIP = NO;
				DEBUG_INFORMATION_FORMAT = "dwarf-with-dsym";
				ENABLE_NS_ASSERTIONS = NO;
				ENABLE_STRICT_OBJC_MSGSEND = YES;
				ENABLE_USER_SCRIPT_SANDBOXING = YES;
				GCC_C_LANGUAGE_STANDARD = gnu17;
				GCC_NO_COMMON_BLOCKS = YES;
				GCC_WARN_64_TO_32_BIT_CONVERSION = YES;
				GCC_WARN_ABOUT_RETURN_TYPE = YES_ERROR;
				GCC_WARN_UNDECLARED_SELECTOR = YES;
				GCC_WARN_UNINITIALIZED_AUTOS = YES_AGGRESSIVE;
				GCC_WARN_UNUSED_FUNCTION = YES;
				GCC_WARN_UNUSED_VARIABLE = YES;
				INFOPLIST_KEY_CFBundleDisplayName = GitTrack;
				IPHONEOS_DEPLOYMENT_TARGET = 17.4;
				LOCALIZATION_PREFERS_STRING_CATALOGS = YES;
				MTL_ENABLE_DEBUG_INFO = NO;
				MTL_FAST_MATH = YES;
				SDKROOT = iphoneos;
				SWIFT_COMPILATION_MODE = wholemodule;
				VALIDATE_PRODUCT = YES;
			};
			name = Release;
		};
		724D44812BA14F30008FFC5A /* Debug */ = {
			isa = XCBuildConfiguration;
			buildSettings = {
				ASSETCATALOG_COMPILER_APPICON_NAME = AppIcon;
				ASSETCATALOG_COMPILER_GLOBAL_ACCENT_COLOR_NAME = AccentColor;
				CODE_SIGN_STYLE = Automatic;
				CURRENT_PROJECT_VERSION = 1;
				DEVELOPMENT_ASSET_PATHS = "\"GitTrack-iOS/Preview Content\"";
				DEVELOPMENT_TEAM = 3U33ZAACVP;
				ENABLE_PREVIEWS = YES;
				GENERATE_INFOPLIST_FILE = YES;
				INFOPLIST_FILE = "GitTrack-iOS/Info.plist";
				INFOPLIST_KEY_CFBundleDisplayName = GitTrack;
				INFOPLIST_KEY_UIApplicationSceneManifest_Generation = YES;
				INFOPLIST_KEY_UIApplicationSupportsIndirectInputEvents = YES;
				INFOPLIST_KEY_UILaunchScreen_Generation = YES;
				INFOPLIST_KEY_UILaunchStoryboardName = "Launch Screen";
				INFOPLIST_KEY_UISupportedInterfaceOrientations_iPad = "UIInterfaceOrientationPortrait UIInterfaceOrientationPortraitUpsideDown UIInterfaceOrientationLandscapeLeft UIInterfaceOrientationLandscapeRight";
				INFOPLIST_KEY_UISupportedInterfaceOrientations_iPhone = "UIInterfaceOrientationPortrait UIInterfaceOrientationLandscapeLeft UIInterfaceOrientationLandscapeRight";
				LD_RUNPATH_SEARCH_PATHS = (
					"$(inherited)",
					"@executable_path/Frameworks",
				);
				MARKETING_VERSION = 1.0;
				PRODUCT_BUNDLE_IDENTIFIER = "com.github.GitTrack-iOS";
				PRODUCT_NAME = "$(TARGET_NAME)";
				SWIFT_EMIT_LOC_STRINGS = YES;
				SWIFT_VERSION = 5.0;
				TARGETED_DEVICE_FAMILY = "1,2";
			};
			name = Debug;
		};
		724D44822BA14F30008FFC5A /* Release */ = {
			isa = XCBuildConfiguration;
			buildSettings = {
				ASSETCATALOG_COMPILER_APPICON_NAME = AppIcon;
				ASSETCATALOG_COMPILER_GLOBAL_ACCENT_COLOR_NAME = AccentColor;
				CODE_SIGN_STYLE = Automatic;
				CURRENT_PROJECT_VERSION = 1;
				DEVELOPMENT_ASSET_PATHS = "\"GitTrack-iOS/Preview Content\"";
				DEVELOPMENT_TEAM = 3U33ZAACVP;
				ENABLE_PREVIEWS = YES;
				GENERATE_INFOPLIST_FILE = YES;
				INFOPLIST_FILE = "GitTrack-iOS/Info.plist";
				INFOPLIST_KEY_CFBundleDisplayName = GitTrack;
				INFOPLIST_KEY_UIApplicationSceneManifest_Generation = YES;
				INFOPLIST_KEY_UIApplicationSupportsIndirectInputEvents = YES;
				INFOPLIST_KEY_UILaunchScreen_Generation = YES;
				INFOPLIST_KEY_UILaunchStoryboardName = "Launch Screen";
				INFOPLIST_KEY_UISupportedInterfaceOrientations_iPad = "UIInterfaceOrientationPortrait UIInterfaceOrientationPortraitUpsideDown UIInterfaceOrientationLandscapeLeft UIInterfaceOrientationLandscapeRight";
				INFOPLIST_KEY_UISupportedInterfaceOrientations_iPhone = "UIInterfaceOrientationPortrait UIInterfaceOrientationLandscapeLeft UIInterfaceOrientationLandscapeRight";
				LD_RUNPATH_SEARCH_PATHS = (
					"$(inherited)",
					"@executable_path/Frameworks",
				);
				MARKETING_VERSION = 1.0;
				PRODUCT_BUNDLE_IDENTIFIER = "com.github.GitTrack-iOS";
				PRODUCT_NAME = "$(TARGET_NAME)";
				SWIFT_EMIT_LOC_STRINGS = YES;
				SWIFT_VERSION = 5.0;
				TARGETED_DEVICE_FAMILY = "1,2";
			};
			name = Release;
		};
/* End XCBuildConfiguration section */

/* Begin XCConfigurationList section */
		724D446D2BA14F2F008FFC5A /* Build configuration list for PBXProject "GitTrack-iOS" */ = {
			isa = XCConfigurationList;
			buildConfigurations = (
				724D447E2BA14F30008FFC5A /* Debug */,
				724D447F2BA14F30008FFC5A /* Release */,
			);
			defaultConfigurationIsVisible = 0;
			defaultConfigurationName = Release;
		};
		724D44802BA14F30008FFC5A /* Build configuration list for PBXNativeTarget "GitTrack-iOS" */ = {
			isa = XCConfigurationList;
			buildConfigurations = (
				724D44812BA14F30008FFC5A /* Debug */,
				724D44822BA14F30008FFC5A /* Release */,
			);
			defaultConfigurationIsVisible = 0;
			defaultConfigurationName = Release;
		};
/* End XCConfigurationList section */

/* Begin XCRemoteSwiftPackageReference section */
		72749D2C2BC4242C005BFDCD /* XCRemoteSwiftPackageReference "Moya" */ = {
			isa = XCRemoteSwiftPackageReference;
			repositoryURL = "https://github.com/Moya/Moya.git";
			requirement = {
				kind = upToNextMajorVersion;
				minimumVersion = 15.0.3;
			};
		};
		72749D312BC42438005BFDCD /* XCRemoteSwiftPackageReference "RxSwift" */ = {
			isa = XCRemoteSwiftPackageReference;
			repositoryURL = "https://github.com/ReactiveX/RxSwift.git";
			requirement = {
				kind = upToNextMajorVersion;
				minimumVersion = 6.6.0;
			};
		};
/* End XCRemoteSwiftPackageReference section */

/* Begin XCSwiftPackageProductDependency section */
		72749D2D2BC4242C005BFDCD /* Moya */ = {
			isa = XCSwiftPackageProductDependency;
			package = 72749D2C2BC4242C005BFDCD /* XCRemoteSwiftPackageReference "Moya" */;
			productName = Moya;
		};
		72749D2F2BC4242C005BFDCD /* RxMoya */ = {
			isa = XCSwiftPackageProductDependency;
			package = 72749D2C2BC4242C005BFDCD /* XCRemoteSwiftPackageReference "Moya" */;
			productName = RxMoya;
		};
		72749D322BC42438005BFDCD /* RxCocoa */ = {
			isa = XCSwiftPackageProductDependency;
			package = 72749D312BC42438005BFDCD /* XCRemoteSwiftPackageReference "RxSwift" */;
			productName = RxCocoa;
		};
		72749D342BC42438005BFDCD /* RxRelay */ = {
			isa = XCSwiftPackageProductDependency;
			package = 72749D312BC42438005BFDCD /* XCRemoteSwiftPackageReference "RxSwift" */;
			productName = RxRelay;
		};
		72749D362BC42438005BFDCD /* RxSwift */ = {
			isa = XCSwiftPackageProductDependency;
			package = 72749D312BC42438005BFDCD /* XCRemoteSwiftPackageReference "RxSwift" */;
			productName = RxSwift;
		};
/* End XCSwiftPackageProductDependency section */
	};
	rootObject = 724D446A2BA14F2F008FFC5A /* Project object */;
}
